
Microsoft Visual Studio Solution File, Format Version 12.00
# Visual Studio Version 16
VisualStudioVersion = 16.0.31112.23
MinimumVisualStudioVersion = 10.0.40219.1
Project("{FAE04EC0-301F-11D3-BF4B-00C04F79EFBC}") = "OrderConsumer", "OrderConsumer\OrderConsumer.csproj", "{483C596A-0B13-4F05-9C33-BD1BFE9D63ED}"
EndProject
Project("{FAE04EC0-301F-11D3-BF4B-00C04F79EFBC}") = "Core", "Core\Core.csproj", "{3E77CD1A-D0A5-470E-B5DB-14F426710FF6}"
EndProject
Project("{FAE04EC0-301F-11D3-BF4B-00C04F79EFBC}") = "OrderProducer", "OrderProducer\OrderProducer.csproj", "{FDA56938-6EBB-4046-B047-08A08D847A08}"
EndProject
Global
	GlobalSection(SolutionConfigurationPlatforms) = preSolution
		Debug|Any CPU = Debug|Any CPU
		Release|Any CPU = Release|Any CPU
	EndGlobalSection
	GlobalSection(ProjectConfigurationPlatforms) = postSolution
		{483C596A-0B13-4F05-9C33-BD1BFE9D63ED}.Debug|Any CPU.ActiveCfg = Debug|Any CPU
		{483C596A-0B13-4F05-9C33-BD1BFE9D63ED}.Debug|Any CPU.Build.0 = Debug|Any CPU
		{483C596A-0B13-4F05-9C33-BD1BFE9D63ED}.Release|Any CPU.ActiveCfg = Release|Any CPU
		{483C596A-0B13-4F05-9C33-BD1BFE9D63ED}.Release|Any CPU.Build.0 = Release|Any CPU
		{3E77CD1A-D0A5-470E-B5DB-14F426710FF6}.Debug|Any CPU.ActiveCfg = Debug|Any CPU
		{3E77CD1A-D0A5-470E-B5DB-14F426710FF6}.Debug|Any CPU.Build.0 = Debug|Any CPU
		{3E77CD1A-D0A5-470E-B5DB-14F426710FF6}.Release|Any CPU.ActiveCfg = Release|Any CPU
		{3E77CD1A-D0A5-470E-B5DB-14F426710FF6}.Release|Any CPU.Build.0 = Release|Any CPU
		{FDA56938-6EBB-4046-B047-08A08D847A08}.Debug|Any CPU.ActiveCfg = Debug|Any CPU
		{FDA56938-6EBB-4046-B047-08A08D847A08}.Debug|Any CPU.Build.0 = Debug|Any CPU
		{FDA56938-6EBB-4046-B047-08A08D847A08}.Release|Any CPU.ActiveCfg = Release|Any CPU
		{FDA56938-6EBB-4046-B047-08A08D847A08}.Release|Any CPU.Build.0 = Release|Any CPU
	EndGlobalSection
	GlobalSection(SolutionProperties) = preSolution
		HideSolutionNode = FALSE
	EndGlobalSection
	GlobalSection(ExtensibilityGlobals) = postSolution
		SolutionGuid = {82561B72-7772-44B1-AC2D-134C45637A2B}
	EndGlobalSection
EndGlobal
